
Microsoft Visual Studio Solution File, Format Version 11.00
# Visual Studio 2010
Project("{FAE04EC0-301F-11D3-BF4B-00C04F79EFBC}") = "WindowsFormsApplication1", "WindowsFormsApplication1\WindowsFormsApplication1.csproj", "{D80C1FBB-4A40-4AB5-9967-1D06C3553F34}"
EndProject
Global
	GlobalSection(SolutionConfigurationPlatforms) = preSolution
		Debug|x86 = Debug|x86
		Release|x86 = Release|x86
	EndGlobalSection
	GlobalSection(ProjectConfigurationPlatforms) = postSolution
		{D80C1FBB-4A40-4AB5-9967-1D06C3553F34}.Debug|x86.ActiveCfg = Debug|x86
		{D80C1FBB-4A40-4AB5-9967-1D06C3553F34}.Debug|x86.Build.0 = Debug|x86
		{D80C1FBB-4A40-4AB5-9967-1D06C3553F34}.Release|x86.ActiveCfg = Release|x86
		{D80C1FBB-4A40-4AB5-9967-1D06C3553F34}.Release|x86.Build.0 = Release|x86
	EndGlobalSection
	GlobalSection(SolutionProperties) = preSolution
		HideSolutionNode = FALSE
	EndGlobalSection
EndGlobal
